// !$*UTF8*$!
{
	archiveVersion = 1;
	classes = {
	};
	objectVersion = 55;
	objects = {

/* Begin PBXBuildFile section */
		961BCABB287FBCDD003EE360 /* ScrollViewReaderBootcamp.swift in Sources */ = {isa = PBXBuildFile; fileRef = 961BCABA287FBCDD003EE360 /* ScrollViewReaderBootcamp.swift */; };
		961BCABD287FC677003EE360 /* GeometryReaderBootcamp.swift in Sources */ = {isa = PBXBuildFile; fileRef = 961BCABC287FC677003EE360 /* GeometryReaderBootcamp.swift */; };
		961BCABF287FE4F4003EE360 /* MultipleSheetsBootcamp.swift in Sources */ = {isa = PBXBuildFile; fileRef = 961BCABE287FE4F4003EE360 /* MultipleSheetsBootcamp.swift */; };
		9623CACF2880F9D8009DA874 /* MaskBootcamp.swift in Sources */ = {isa = PBXBuildFile; fileRef = 9623CACE2880F9D8009DA874 /* MaskBootcamp.swift */; };
		9623CAD12881051E009DA874 /* SoundsBootcamp.swift in Sources */ = {isa = PBXBuildFile; fileRef = 9623CAD02881051E009DA874 /* SoundsBootcamp.swift */; };
		9623CAD428810AF1009DA874 /* tada.mp3 in Resources */ = {isa = PBXBuildFile; fileRef = 9623CAD328810AF1009DA874 /* tada.mp3 */; };
		9623CAD628810AFB009DA874 /* badum.mp3 in Resources */ = {isa = PBXBuildFile; fileRef = 9623CAD528810AFB009DA874 /* badum.mp3 */; };
		9623CAD8288110B7009DA874 /* HapticsBootcamp.swift in Sources */ = {isa = PBXBuildFile; fileRef = 9623CAD7288110B7009DA874 /* HapticsBootcamp.swift */; };
		9664D96B287EAE0100C34D22 /* SwiftfulThinkingContinuedLearningApp.swift in Sources */ = {isa = PBXBuildFile; fileRef = 9664D96A287EAE0100C34D22 /* SwiftfulThinkingContinuedLearningApp.swift */; };
		9664D96D287EAE0100C34D22 /* ContentView.swift in Sources */ = {isa = PBXBuildFile; fileRef = 9664D96C287EAE0100C34D22 /* ContentView.swift */; };
		9664D96F287EAE0300C34D22 /* Assets.xcassets in Resources */ = {isa = PBXBuildFile; fileRef = 9664D96E287EAE0300C34D22 /* Assets.xcassets */; };
		9664D972287EAE0300C34D22 /* Preview Assets.xcassets in Resources */ = {isa = PBXBuildFile; fileRef = 9664D971287EAE0300C34D22 /* Preview Assets.xcassets */; };
		9664D979287EAE2B00C34D22 /* LongPressGestureBootcamp.swift in Sources */ = {isa = PBXBuildFile; fileRef = 9664D978287EAE2B00C34D22 /* LongPressGestureBootcamp.swift */; };
		9664D97B287EC13800C34D22 /* MagnificationGestureBootcamp.swift in Sources */ = {isa = PBXBuildFile; fileRef = 9664D97A287EC13800C34D22 /* MagnificationGestureBootcamp.swift */; };
		9664D97D287EC96200C34D22 /* RotationGestureBootcamp.swift in Sources */ = {isa = PBXBuildFile; fileRef = 9664D97C287EC96200C34D22 /* RotationGestureBootcamp.swift */; };
		9664D982287EDBFE00C34D22 /* DragGestureBootcamp2.swift in Sources */ = {isa = PBXBuildFile; fileRef = 9664D981287EDBFE00C34D22 /* DragGestureBootcamp2.swift */; };
		9664D984287EE4C700C34D22 /* DragGestureBootcamp1.swift in Sources */ = {isa = PBXBuildFile; fileRef = 9664D983287EE4C700C34D22 /* DragGestureBootcamp1.swift */; };
/* End PBXBuildFile section */

/* Begin PBXFileReference section */
		961BCABA287FBCDD003EE360 /* ScrollViewReaderBootcamp.swift */ = {isa = PBXFileReference; lastKnownFileType = sourcecode.swift; path = ScrollViewReaderBootcamp.swift; sourceTree = "<group>"; };
		961BCABC287FC677003EE360 /* GeometryReaderBootcamp.swift */ = {isa = PBXFileReference; lastKnownFileType = sourcecode.swift; path = GeometryReaderBootcamp.swift; sourceTree = "<group>"; };
		961BCABE287FE4F4003EE360 /* MultipleSheetsBootcamp.swift */ = {isa = PBXFileReference; lastKnownFileType = sourcecode.swift; path = MultipleSheetsBootcamp.swift; sourceTree = "<group>"; };
		9623CACE2880F9D8009DA874 /* MaskBootcamp.swift */ = {isa = PBXFileReference; lastKnownFileType = sourcecode.swift; path = MaskBootcamp.swift; sourceTree = "<group>"; };
		9623CAD02881051E009DA874 /* SoundsBootcamp.swift */ = {isa = PBXFileReference; lastKnownFileType = sourcecode.swift; path = SoundsBootcamp.swift; sourceTree = "<group>"; };
		9623CAD328810AF1009DA874 /* tada.mp3 */ = {isa = PBXFileReference; lastKnownFileType = audio.mp3; path = tada.mp3; sourceTree = "<group>"; };
		9623CAD528810AFB009DA874 /* badum.mp3 */ = {isa = PBXFileReference; lastKnownFileType = audio.mp3; path = badum.mp3; sourceTree = "<group>"; };
		9623CAD7288110B7009DA874 /* HapticsBootcamp.swift */ = {isa = PBXFileReference; lastKnownFileType = sourcecode.swift; path = HapticsBootcamp.swift; sourceTree = "<group>"; };
		9664D967287EAE0100C34D22 /* SwiftfulThinkingContinuedLearning.app */ = {isa = PBXFileReference; explicitFileType = wrapper.application; includeInIndex = 0; path = SwiftfulThinkingContinuedLearning.app; sourceTree = BUILT_PRODUCTS_DIR; };
		9664D96A287EAE0100C34D22 /* SwiftfulThinkingContinuedLearningApp.swift */ = {isa = PBXFileReference; lastKnownFileType = sourcecode.swift; path = SwiftfulThinkingContinuedLearningApp.swift; sourceTree = "<group>"; };
		9664D96C287EAE0100C34D22 /* ContentView.swift */ = {isa = PBXFileReference; lastKnownFileType = sourcecode.swift; path = ContentView.swift; sourceTree = "<group>"; };
		9664D96E287EAE0300C34D22 /* Assets.xcassets */ = {isa = PBXFileReference; lastKnownFileType = folder.assetcatalog; path = Assets.xcassets; sourceTree = "<group>"; };
		9664D971287EAE0300C34D22 /* Preview Assets.xcassets */ = {isa = PBXFileReference; lastKnownFileType = folder.assetcatalog; path = "Preview Assets.xcassets"; sourceTree = "<group>"; };
		9664D978287EAE2B00C34D22 /* LongPressGestureBootcamp.swift */ = {isa = PBXFileReference; lastKnownFileType = sourcecode.swift; path = LongPressGestureBootcamp.swift; sourceTree = "<group>"; };
		9664D97A287EC13800C34D22 /* MagnificationGestureBootcamp.swift */ = {isa = PBXFileReference; lastKnownFileType = sourcecode.swift; path = MagnificationGestureBootcamp.swift; sourceTree = "<group>"; };
		9664D97C287EC96200C34D22 /* RotationGestureBootcamp.swift */ = {isa = PBXFileReference; lastKnownFileType = sourcecode.swift; path = RotationGestureBootcamp.swift; sourceTree = "<group>"; };
		9664D981287EDBFE00C34D22 /* DragGestureBootcamp2.swift */ = {isa = PBXFileReference; lastKnownFileType = sourcecode.swift; path = DragGestureBootcamp2.swift; sourceTree = "<group>"; };
		9664D983287EE4C700C34D22 /* DragGestureBootcamp1.swift */ = {isa = PBXFileReference; lastKnownFileType = sourcecode.swift; path = DragGestureBootcamp1.swift; sourceTree = "<group>"; };
/* End PBXFileReference section */

/* Begin PBXFrameworksBuildPhase section */
		9664D964287EAE0100C34D22 /* Frameworks */ = {
			isa = PBXFrameworksBuildPhase;
			buildActionMask = 2147483647;
			files = (
			);
			runOnlyForDeploymentPostprocessing = 0;
		};
/* End PBXFrameworksBuildPhase section */

/* Begin PBXGroup section */
		9623CAD228810AD7009DA874 /* Sounds */ = {
			isa = PBXGroup;
			children = (
				9623CAD528810AFB009DA874 /* badum.mp3 */,
				9623CAD328810AF1009DA874 /* tada.mp3 */,
			);
			path = Sounds;
			sourceTree = "<group>";
		};
		9664D95E287EAE0100C34D22 = {
			isa = PBXGroup;
			children = (
				9664D969287EAE0100C34D22 /* SwiftfulThinkingContinuedLearning */,
				9664D968287EAE0100C34D22 /* Products */,
			);
			sourceTree = "<group>";
		};
		9664D968287EAE0100C34D22 /* Products */ = {
			isa = PBXGroup;
			children = (
				9664D967287EAE0100C34D22 /* SwiftfulThinkingContinuedLearning.app */,
			);
			name = Products;
			sourceTree = "<group>";
		};
		9664D969287EAE0100C34D22 /* SwiftfulThinkingContinuedLearning */ = {
			isa = PBXGroup;
			children = (
				9664D96A287EAE0100C34D22 /* SwiftfulThinkingContinuedLearningApp.swift */,
				9664D96C287EAE0100C34D22 /* ContentView.swift */,
				9664D978287EAE2B00C34D22 /* LongPressGestureBootcamp.swift */,
				9664D97A287EC13800C34D22 /* MagnificationGestureBootcamp.swift */,
				9664D97C287EC96200C34D22 /* RotationGestureBootcamp.swift */,
				9664D980287EDB9600C34D22 /* DragGestureBootcamp */,
				961BCABA287FBCDD003EE360 /* ScrollViewReaderBootcamp.swift */,
				961BCABC287FC677003EE360 /* GeometryReaderBootcamp.swift */,
				961BCABE287FE4F4003EE360 /* MultipleSheetsBootcamp.swift */,
				9623CACE2880F9D8009DA874 /* MaskBootcamp.swift */,
				9623CAD02881051E009DA874 /* SoundsBootcamp.swift */,
				9623CAD228810AD7009DA874 /* Sounds */,
				9623CAD7288110B7009DA874 /* HapticsBootcamp.swift */,
				9664D96E287EAE0300C34D22 /* Assets.xcassets */,
				9664D970287EAE0300C34D22 /* Preview Content */,
			);
			path = SwiftfulThinkingContinuedLearning;
			sourceTree = "<group>";
		};
		9664D970287EAE0300C34D22 /* Preview Content */ = {
			isa = PBXGroup;
			children = (
				9664D971287EAE0300C34D22 /* Preview Assets.xcassets */,
			);
			path = "Preview Content";
			sourceTree = "<group>";
		};
		9664D980287EDB9600C34D22 /* DragGestureBootcamp */ = {
			isa = PBXGroup;
			children = (
				9664D981287EDBFE00C34D22 /* DragGestureBootcamp2.swift */,
				9664D983287EE4C700C34D22 /* DragGestureBootcamp1.swift */,
			);
			path = DragGestureBootcamp;
			sourceTree = "<group>";
		};
/* End PBXGroup section */

/* Begin PBXNativeTarget section */
		9664D966287EAE0100C34D22 /* SwiftfulThinkingContinuedLearning */ = {
			isa = PBXNativeTarget;
			buildConfigurationList = 9664D975287EAE0300C34D22 /* Build configuration list for PBXNativeTarget "SwiftfulThinkingContinuedLearning" */;
			buildPhases = (
				9664D963287EAE0100C34D22 /* Sources */,
				9664D964287EAE0100C34D22 /* Frameworks */,
				9664D965287EAE0100C34D22 /* Resources */,
			);
			buildRules = (
			);
			dependencies = (
			);
			name = SwiftfulThinkingContinuedLearning;
			productName = SwiftfulThinkingContinuedLearning;
			productReference = 9664D967287EAE0100C34D22 /* SwiftfulThinkingContinuedLearning.app */;
			productType = "com.apple.product-type.application";
		};
/* End PBXNativeTarget section */

/* Begin PBXProject section */
		9664D95F287EAE0100C34D22 /* Project object */ = {
			isa = PBXProject;
			attributes = {
				BuildIndependentTargetsInParallel = 1;
				LastSwiftUpdateCheck = 1340;
				LastUpgradeCheck = 1340;
				TargetAttributes = {
					9664D966287EAE0100C34D22 = {
						CreatedOnToolsVersion = 13.4.1;
					};
				};
			};
			buildConfigurationList = 9664D962287EAE0100C34D22 /* Build configuration list for PBXProject "SwiftfulThinkingContinuedLearning" */;
			compatibilityVersion = "Xcode 13.0";
			developmentRegion = en;
			hasScannedForEncodings = 0;
			knownRegions = (
				en,
				Base,
			);
			mainGroup = 9664D95E287EAE0100C34D22;
			productRefGroup = 9664D968287EAE0100C34D22 /* Products */;
			projectDirPath = "";
			projectRoot = "";
			targets = (
				9664D966287EAE0100C34D22 /* SwiftfulThinkingContinuedLearning */,
			);
		};
/* End PBXProject section */

/* Begin PBXResourcesBuildPhase section */
		9664D965287EAE0100C34D22 /* Resources */ = {
			isa = PBXResourcesBuildPhase;
			buildActionMask = 2147483647;
			files = (
				9623CAD628810AFB009DA874 /* badum.mp3 in Resources */,
				9664D972287EAE0300C34D22 /* Preview Assets.xcassets in Resources */,
				9664D96F287EAE0300C34D22 /* Assets.xcassets in Resources */,
				9623CAD428810AF1009DA874 /* tada.mp3 in Resources */,
			);
			runOnlyForDeploymentPostprocessing = 0;
		};
/* End PBXResourcesBuildPhase section */

/* Begin PBXSourcesBuildPhase section */
		9664D963287EAE0100C34D22 /* Sources */ = {
			isa = PBXSourcesBuildPhase;
			buildActionMask = 2147483647;
			files = (
				9623CAD12881051E009DA874 /* SoundsBootcamp.swift in Sources */,
				9664D982287EDBFE00C34D22 /* DragGestureBootcamp2.swift in Sources */,
				9623CACF2880F9D8009DA874 /* MaskBootcamp.swift in Sources */,
				9664D96D287EAE0100C34D22 /* ContentView.swift in Sources */,
				9664D984287EE4C700C34D22 /* DragGestureBootcamp1.swift in Sources */,
				961BCABB287FBCDD003EE360 /* ScrollViewReaderBootcamp.swift in Sources */,
				961BCABF287FE4F4003EE360 /* MultipleSheetsBootcamp.swift in Sources */,
				9664D96B287EAE0100C34D22 /* SwiftfulThinkingContinuedLearningApp.swift in Sources */,
				9664D97B287EC13800C34D22 /* MagnificationGestureBootcamp.swift in Sources */,
				961BCABD287FC677003EE360 /* GeometryReaderBootcamp.swift in Sources */,
				9623CAD8288110B7009DA874 /* HapticsBootcamp.swift in Sources */,
				9664D979287EAE2B00C34D22 /* LongPressGestureBootcamp.swift in Sources */,
				9664D97D287EC96200C34D22 /* RotationGestureBootcamp.swift in Sources */,
			);
			runOnlyForDeploymentPostprocessing = 0;
		};
/* End PBXSourcesBuildPhase section */

/* Begin XCBuildConfiguration section */
		9664D973287EAE0300C34D22 /* Debug */ = {
			isa = XCBuildConfiguration;
			buildSettings = {
				ALWAYS_SEARCH_USER_PATHS = NO;
				CLANG_ANALYZER_NONNULL = YES;
				CLANG_ANALYZER_NUMBER_OBJECT_CONVERSION = YES_AGGRESSIVE;
				CLANG_CXX_LANGUAGE_STANDARD = "gnu++17";
				CLANG_ENABLE_MODULES = YES;
				CLANG_ENABLE_OBJC_ARC = YES;
				CLANG_ENABLE_OBJC_WEAK = YES;
				CLANG_WARN_BLOCK_CAPTURE_AUTORELEASING = YES;
				CLANG_WARN_BOOL_CONVERSION = YES;
				CLANG_WARN_COMMA = YES;
				CLANG_WARN_CONSTANT_CONVERSION = YES;
				CLANG_WARN_DEPRECATED_OBJC_IMPLEMENTATIONS = YES;
				CLANG_WARN_DIRECT_OBJC_ISA_USAGE = YES_ERROR;
				CLANG_WARN_DOCUMENTATION_COMMENTS = YES;
				CLANG_WARN_EMPTY_BODY = YES;
				CLANG_WARN_ENUM_CONVERSION = YES;
				CLANG_WARN_INFINITE_RECURSION = YES;
				CLANG_WARN_INT_CONVERSION = YES;
				CLANG_WARN_NON_LITERAL_NULL_CONVERSION = YES;
				CLANG_WARN_OBJC_IMPLICIT_RETAIN_SELF = YES;
				CLANG_WARN_OBJC_LITERAL_CONVERSION = YES;
				CLANG_WARN_OBJC_ROOT_CLASS = YES_ERROR;
				CLANG_WARN_QUOTED_INCLUDE_IN_FRAMEWORK_HEADER = YES;
				CLANG_WARN_RANGE_LOOP_ANALYSIS = YES;
				CLANG_WARN_STRICT_PROTOTYPES = YES;
				CLANG_WARN_SUSPICIOUS_MOVE = YES;
				CLANG_WARN_UNGUARDED_AVAILABILITY = YES_AGGRESSIVE;
				CLANG_WARN_UNREACHABLE_CODE = YES;
				CLANG_WARN__DUPLICATE_METHOD_MATCH = YES;
				COPY_PHASE_STRIP = NO;
				DEBUG_INFORMATION_FORMAT = dwarf;
				ENABLE_STRICT_OBJC_MSGSEND = YES;
				ENABLE_TESTABILITY = YES;
				GCC_C_LANGUAGE_STANDARD = gnu11;
				GCC_DYNAMIC_NO_PIC = NO;
				GCC_NO_COMMON_BLOCKS = YES;
				GCC_OPTIMIZATION_LEVEL = 0;
				GCC_PREPROCESSOR_DEFINITIONS = (
					"DEBUG=1",
					"$(inherited)",
				);
				GCC_WARN_64_TO_32_BIT_CONVERSION = YES;
				GCC_WARN_ABOUT_RETURN_TYPE = YES_ERROR;
				GCC_WARN_UNDECLARED_SELECTOR = YES;
				GCC_WARN_UNINITIALIZED_AUTOS = YES_AGGRESSIVE;
				GCC_WARN_UNUSED_FUNCTION = YES;
				GCC_WARN_UNUSED_VARIABLE = YES;
				IPHONEOS_DEPLOYMENT_TARGET = 15.5;
				MTL_ENABLE_DEBUG_INFO = INCLUDE_SOURCE;
				MTL_FAST_MATH = YES;
				ONLY_ACTIVE_ARCH = YES;
				SDKROOT = iphoneos;
				SWIFT_ACTIVE_COMPILATION_CONDITIONS = DEBUG;
				SWIFT_OPTIMIZATION_LEVEL = "-Onone";
			};
			name = Debug;
		};
		9664D974287EAE0300C34D22 /* Release */ = {
			isa = XCBuildConfiguration;
			buildSettings = {
				ALWAYS_SEARCH_USER_PATHS = NO;
				CLANG_ANALYZER_NONNULL = YES;
				CLANG_ANALYZER_NUMBER_OBJECT_CONVERSION = YES_AGGRESSIVE;
				CLANG_CXX_LANGUAGE_STANDARD = "gnu++17";
				CLANG_ENABLE_MODULES = YES;
				CLANG_ENABLE_OBJC_ARC = YES;
				CLANG_ENABLE_OBJC_WEAK = YES;
				CLANG_WARN_BLOCK_CAPTURE_AUTORELEASING = YES;
				CLANG_WARN_BOOL_CONVERSION = YES;
				CLANG_WARN_COMMA = YES;
				CLANG_WARN_CONSTANT_CONVERSION = YES;
				CLANG_WARN_DEPRECATED_OBJC_IMPLEMENTATIONS = YES;
				CLANG_WARN_DIRECT_OBJC_ISA_USAGE = YES_ERROR;
				CLANG_WARN_DOCUMENTATION_COMMENTS = YES;
				CLANG_WARN_EMPTY_BODY = YES;
				CLANG_WARN_ENUM_CONVERSION = YES;
				CLANG_WARN_INFINITE_RECURSION = YES;
				CLANG_WARN_INT_CONVERSION = YES;
				CLANG_WARN_NON_LITERAL_NULL_CONVERSION = YES;
				CLANG_WARN_OBJC_IMPLICIT_RETAIN_SELF = YES;
				CLANG_WARN_OBJC_LITERAL_CONVERSION = YES;
				CLANG_WARN_OBJC_ROOT_CLASS = YES_ERROR;
				CLANG_WARN_QUOTED_INCLUDE_IN_FRAMEWORK_HEADER = YES;
				CLANG_WARN_RANGE_LOOP_ANALYSIS = YES;
				CLANG_WARN_STRICT_PROTOTYPES = YES;
				CLANG_WARN_SUSPICIOUS_MOVE = YES;
				CLANG_WARN_UNGUARDED_AVAILABILITY = YES_AGGRESSIVE;
				CLANG_WARN_UNREACHABLE_CODE = YES;
				CLANG_WARN__DUPLICATE_METHOD_MATCH = YES;
				COPY_PHASE_STRIP = NO;
				DEBUG_INFORMATION_FORMAT = "dwarf-with-dsym";
				ENABLE_NS_ASSERTIONS = NO;
				ENABLE_STRICT_OBJC_MSGSEND = YES;
				GCC_C_LANGUAGE_STANDARD = gnu11;
				GCC_NO_COMMON_BLOCKS = YES;
				GCC_WARN_64_TO_32_BIT_CONVERSION = YES;
				GCC_WARN_ABOUT_RETURN_TYPE = YES_ERROR;
				GCC_WARN_UNDECLARED_SELECTOR = YES;
				GCC_WARN_UNINITIALIZED_AUTOS = YES_AGGRESSIVE;
				GCC_WARN_UNUSED_FUNCTION = YES;
				GCC_WARN_UNUSED_VARIABLE = YES;
				IPHONEOS_DEPLOYMENT_TARGET = 15.5;
				MTL_ENABLE_DEBUG_INFO = NO;
				MTL_FAST_MATH = YES;
				SDKROOT = iphoneos;
				SWIFT_COMPILATION_MODE = wholemodule;
				SWIFT_OPTIMIZATION_LEVEL = "-O";
				VALIDATE_PRODUCT = YES;
			};
			name = Release;
		};
		9664D976287EAE0300C34D22 /* Debug */ = {
			isa = XCBuildConfiguration;
			buildSettings = {
				ASSETCATALOG_COMPILER_APPICON_NAME = AppIcon;
				ASSETCATALOG_COMPILER_GLOBAL_ACCENT_COLOR_NAME = AccentColor;
				CODE_SIGN_STYLE = Automatic;
				CURRENT_PROJECT_VERSION = 1;
				DEVELOPMENT_ASSET_PATHS = "\"SwiftfulThinkingContinuedLearning/Preview Content\"";
				DEVELOPMENT_TEAM = 4AKDGKWD78;
				ENABLE_PREVIEWS = YES;
				GENERATE_INFOPLIST_FILE = YES;
				INFOPLIST_KEY_UIApplicationSceneManifest_Generation = YES;
				INFOPLIST_KEY_UIApplicationSupportsIndirectInputEvents = YES;
				INFOPLIST_KEY_UILaunchScreen_Generation = YES;
				INFOPLIST_KEY_UISupportedInterfaceOrientations_iPad = "UIInterfaceOrientationPortrait UIInterfaceOrientationPortraitUpsideDown UIInterfaceOrientationLandscapeLeft UIInterfaceOrientationLandscapeRight";
				INFOPLIST_KEY_UISupportedInterfaceOrientations_iPhone = "UIInterfaceOrientationPortrait UIInterfaceOrientationLandscapeLeft UIInterfaceOrientationLandscapeRight";
				IPHONEOS_DEPLOYMENT_TARGET = 15.0;
				LD_RUNPATH_SEARCH_PATHS = (
					"$(inherited)",
					"@executable_path/Frameworks",
				);
				MARKETING_VERSION = 1.0;
				PRODUCT_BUNDLE_IDENTIFIER = TerraSky.SwiftfulThinkingContinuedLearning;
				PRODUCT_NAME = "$(TARGET_NAME)";
				SWIFT_EMIT_LOC_STRINGS = YES;
				SWIFT_VERSION = 5.0;
				TARGETED_DEVICE_FAMILY = "1,2";
			};
			name = Debug;
		};
		9664D977287EAE0300C34D22 /* Release */ = {
			isa = XCBuildConfiguration;
			buildSettings = {
				ASSETCATALOG_COMPILER_APPICON_NAME = AppIcon;
				ASSETCATALOG_COMPILER_GLOBAL_ACCENT_COLOR_NAME = AccentColor;
				CODE_SIGN_STYLE = Automatic;
				CURRENT_PROJECT_VERSION = 1;
				DEVELOPMENT_ASSET_PATHS = "\"SwiftfulThinkingContinuedLearning/Preview Content\"";
				DEVELOPMENT_TEAM = 4AKDGKWD78;
				ENABLE_PREVIEWS = YES;
				GENERATE_INFOPLIST_FILE = YES;
				INFOPLIST_KEY_UIApplicationSceneManifest_Generation = YES;
				INFOPLIST_KEY_UIApplicationSupportsIndirectInputEvents = YES;
				INFOPLIST_KEY_UILaunchScreen_Generation = YES;
				INFOPLIST_KEY_UISupportedInterfaceOrientations_iPad = "UIInterfaceOrientationPortrait UIInterfaceOrientationPortraitUpsideDown UIInterfaceOrientationLandscapeLeft UIInterfaceOrientationLandscapeRight";
				INFOPLIST_KEY_UISupportedInterfaceOrientations_iPhone = "UIInterfaceOrientationPortrait UIInterfaceOrientationLandscapeLeft UIInterfaceOrientationLandscapeRight";
				IPHONEOS_DEPLOYMENT_TARGET = 15.0;
				LD_RUNPATH_SEARCH_PATHS = (
					"$(inherited)",
					"@executable_path/Frameworks",
				);
				MARKETING_VERSION = 1.0;
				PRODUCT_BUNDLE_IDENTIFIER = TerraSky.SwiftfulThinkingContinuedLearning;
				PRODUCT_NAME = "$(TARGET_NAME)";
				SWIFT_EMIT_LOC_STRINGS = YES;
				SWIFT_VERSION = 5.0;
				TARGETED_DEVICE_FAMILY = "1,2";
			};
			name = Release;
		};
/* End XCBuildConfiguration section */

/* Begin XCConfigurationList section */
		9664D962287EAE0100C34D22 /* Build configuration list for PBXProject "SwiftfulThinkingContinuedLearning" */ = {
			isa = XCConfigurationList;
			buildConfigurations = (
				9664D973287EAE0300C34D22 /* Debug */,
				9664D974287EAE0300C34D22 /* Release */,
			);
			defaultConfigurationIsVisible = 0;
			defaultConfigurationName = Release;
		};
		9664D975287EAE0300C34D22 /* Build configuration list for PBXNativeTarget "SwiftfulThinkingContinuedLearning" */ = {
			isa = XCConfigurationList;
			buildConfigurations = (
				9664D976287EAE0300C34D22 /* Debug */,
				9664D977287EAE0300C34D22 /* Release */,
			);
			defaultConfigurationIsVisible = 0;
			defaultConfigurationName = Release;
		};
/* End XCConfigurationList section */
	};
	rootObject = 9664D95F287EAE0100C34D22 /* Project object */;
}
