// !$*UTF8*$!
{
	archiveVersion = 1;
	classes = {
	};
	objectVersion = 55;
	objects = {

/* Begin PBXBuildFile section */
		9607E115288B760E00E9637B /* TypealiasBootcamp#19.swift in Sources */ = {isa = PBXBuildFile; fileRef = 9607E114288B760E00E9637B /* TypealiasBootcamp#19.swift */; };
		9607E117288B78B500E9637B /* WeakSelfBootcamp#18.swift in Sources */ = {isa = PBXBuildFile; fileRef = 9607E116288B78B500E9637B /* WeakSelfBootcamp#18.swift */; };
		9607E11B288B7A7D00E9637B /* EscapingBootcamp#20.swift in Sources */ = {isa = PBXBuildFile; fileRef = 9607E11A288B7A7D00E9637B /* EscapingBootcamp#20.swift */; };
		9607E11D288B86FB00E9637B /* LongPressGestureBootcamp#1.swift in Sources */ = {isa = PBXBuildFile; fileRef = 9607E11C288B86FB00E9637B /* LongPressGestureBootcamp#1.swift */; };
		9607E11F288B874E00E9637B /* MagnificationGestureBootcamp#2.swift in Sources */ = {isa = PBXBuildFile; fileRef = 9607E11E288B874E00E9637B /* MagnificationGestureBootcamp#2.swift */; };
		9607E121288B87A700E9637B /* RotationGestureBootcamp#3.swift in Sources */ = {isa = PBXBuildFile; fileRef = 9607E120288B87A700E9637B /* RotationGestureBootcamp#3.swift */; };
		9607E123288B87FE00E9637B /* DragGestureBootcamp#4.1.swift in Sources */ = {isa = PBXBuildFile; fileRef = 9607E122288B87FE00E9637B /* DragGestureBootcamp#4.1.swift */; };
		9607E125288B881000E9637B /* DragGestureBootcamp#4.2.swift in Sources */ = {isa = PBXBuildFile; fileRef = 9607E124288B881000E9637B /* DragGestureBootcamp#4.2.swift */; };
		9607E128288B88E800E9637B /* ScrollViewReaderBootcamp#5.swift in Sources */ = {isa = PBXBuildFile; fileRef = 9607E127288B88E800E9637B /* ScrollViewReaderBootcamp#5.swift */; };
		9607E12A288B892700E9637B /* GeometryReaderBootcamp#6.swift in Sources */ = {isa = PBXBuildFile; fileRef = 9607E129288B892700E9637B /* GeometryReaderBootcamp#6.swift */; };
		9607E12C288B896200E9637B /* MultipleSheetsBootcamp#7.swift in Sources */ = {isa = PBXBuildFile; fileRef = 9607E12B288B896200E9637B /* MultipleSheetsBootcamp#7.swift */; };
		9607E12E288B89DB00E9637B /* MaskBootcamp#8.swift in Sources */ = {isa = PBXBuildFile; fileRef = 9607E12D288B89DB00E9637B /* MaskBootcamp#8.swift */; };
		9607E130288B8A2200E9637B /* SoundsBootcamp#9.swift in Sources */ = {isa = PBXBuildFile; fileRef = 9607E12F288B8A2200E9637B /* SoundsBootcamp#9.swift */; };
		9607E133288B8A9A00E9637B /* HapticsBootcamp#10.swift in Sources */ = {isa = PBXBuildFile; fileRef = 9607E132288B8A9A00E9637B /* HapticsBootcamp#10.swift */; };
		9607E135288B8AD800E9637B /* LocalNotificationBootcamp#11.swift in Sources */ = {isa = PBXBuildFile; fileRef = 9607E134288B8AD800E9637B /* LocalNotificationBootcamp#11.swift */; };
		9607E137288B8B0F00E9637B /* HashableBootcamp#12.swift in Sources */ = {isa = PBXBuildFile; fileRef = 9607E136288B8B0F00E9637B /* HashableBootcamp#12.swift */; };
		9607E139288B8B6A00E9637B /* ArraysBootcamp#13.swift in Sources */ = {isa = PBXBuildFile; fileRef = 9607E138288B8B6A00E9637B /* ArraysBootcamp#13.swift */; };
		9623CAD428810AF1009DA874 /* tada.mp3 in Resources */ = {isa = PBXBuildFile; fileRef = 9623CAD328810AF1009DA874 /* tada.mp3 */; };
		9623CAD628810AFB009DA874 /* badum.mp3 in Resources */ = {isa = PBXBuildFile; fileRef = 9623CAD528810AFB009DA874 /* badum.mp3 */; };
		963FE86D288A49CE0026F761 /* BackgroundThreadBootcamp#17.swift in Sources */ = {isa = PBXBuildFile; fileRef = 963FE86C288A49CD0026F761 /* BackgroundThreadBootcamp#17.swift */; };
		9664D96B287EAE0100C34D22 /* SwiftfulThinkingContinuedLearningApp.swift in Sources */ = {isa = PBXBuildFile; fileRef = 9664D96A287EAE0100C34D22 /* SwiftfulThinkingContinuedLearningApp.swift */; };
		9664D96D287EAE0100C34D22 /* ContentView.swift in Sources */ = {isa = PBXBuildFile; fileRef = 9664D96C287EAE0100C34D22 /* ContentView.swift */; };
		9664D96F287EAE0300C34D22 /* Assets.xcassets in Resources */ = {isa = PBXBuildFile; fileRef = 9664D96E287EAE0300C34D22 /* Assets.xcassets */; };
		9664D972287EAE0300C34D22 /* Preview Assets.xcassets in Resources */ = {isa = PBXBuildFile; fileRef = 9664D971287EAE0300C34D22 /* Preview Assets.xcassets */; };
		9666ED682887BFC900399EEC /* CoreDataBootcamp#15.swift in Sources */ = {isa = PBXBuildFile; fileRef = 9666ED672887BFC900399EEC /* CoreDataBootcamp#15.swift */; };
		9666ED6B2887C16A00399EEC /* FruitsContainer.xcdatamodeld in Sources */ = {isa = PBXBuildFile; fileRef = 9666ED692887C16A00399EEC /* FruitsContainer.xcdatamodeld */; };
		968BF7842888F926005452F5 /* CoreDataRelationshipsBootcamp#16.swift in Sources */ = {isa = PBXBuildFile; fileRef = 968BF7832888F926005452F5 /* CoreDataRelationshipsBootcamp#16.swift */; };
		968BF7882888FC1D005452F5 /* CoreDataContainer.xcdatamodeld in Sources */ = {isa = PBXBuildFile; fileRef = 968BF7862888FC1D005452F5 /* CoreDataContainer.xcdatamodeld */; };
		969D6DE2288D171B00EDEF8C /* CodableBootcamp#21.swift in Sources */ = {isa = PBXBuildFile; fileRef = 969D6DE1288D171B00EDEF8C /* CodableBootcamp#21.swift */; };
		96F6D7AA288E132F007546FA /* DownloadWithEscapingBootcamp#22.swift in Sources */ = {isa = PBXBuildFile; fileRef = 96F6D7A9288E132F007546FA /* DownloadWithEscapingBootcamp#22.swift */; };
/* End PBXBuildFile section */

/* Begin PBXFileReference section */
		9607E114288B760E00E9637B /* TypealiasBootcamp#19.swift */ = {isa = PBXFileReference; lastKnownFileType = sourcecode.swift; path = "TypealiasBootcamp#19.swift"; sourceTree = "<group>"; };
		9607E116288B78B500E9637B /* WeakSelfBootcamp#18.swift */ = {isa = PBXFileReference; lastKnownFileType = sourcecode.swift; path = "WeakSelfBootcamp#18.swift"; sourceTree = "<group>"; };
		9607E11A288B7A7D00E9637B /* EscapingBootcamp#20.swift */ = {isa = PBXFileReference; lastKnownFileType = sourcecode.swift; path = "EscapingBootcamp#20.swift"; sourceTree = "<group>"; };
		9607E11C288B86FB00E9637B /* LongPressGestureBootcamp#1.swift */ = {isa = PBXFileReference; lastKnownFileType = sourcecode.swift; path = "LongPressGestureBootcamp#1.swift"; sourceTree = "<group>"; };
		9607E11E288B874E00E9637B /* MagnificationGestureBootcamp#2.swift */ = {isa = PBXFileReference; lastKnownFileType = sourcecode.swift; path = "MagnificationGestureBootcamp#2.swift"; sourceTree = "<group>"; };
		9607E120288B87A700E9637B /* RotationGestureBootcamp#3.swift */ = {isa = PBXFileReference; lastKnownFileType = sourcecode.swift; path = "RotationGestureBootcamp#3.swift"; sourceTree = "<group>"; };
		9607E122288B87FE00E9637B /* DragGestureBootcamp#4.1.swift */ = {isa = PBXFileReference; lastKnownFileType = sourcecode.swift; path = "DragGestureBootcamp#4.1.swift"; sourceTree = "<group>"; };
		9607E124288B881000E9637B /* DragGestureBootcamp#4.2.swift */ = {isa = PBXFileReference; lastKnownFileType = sourcecode.swift; path = "DragGestureBootcamp#4.2.swift"; sourceTree = "<group>"; };
		9607E127288B88E800E9637B /* ScrollViewReaderBootcamp#5.swift */ = {isa = PBXFileReference; lastKnownFileType = sourcecode.swift; path = "ScrollViewReaderBootcamp#5.swift"; sourceTree = "<group>"; };
		9607E129288B892700E9637B /* GeometryReaderBootcamp#6.swift */ = {isa = PBXFileReference; lastKnownFileType = sourcecode.swift; path = "GeometryReaderBootcamp#6.swift"; sourceTree = "<group>"; };
		9607E12B288B896200E9637B /* MultipleSheetsBootcamp#7.swift */ = {isa = PBXFileReference; lastKnownFileType = sourcecode.swift; path = "MultipleSheetsBootcamp#7.swift"; sourceTree = "<group>"; };
		9607E12D288B89DB00E9637B /* MaskBootcamp#8.swift */ = {isa = PBXFileReference; lastKnownFileType = sourcecode.swift; path = "MaskBootcamp#8.swift"; sourceTree = "<group>"; };
		9607E12F288B8A2200E9637B /* SoundsBootcamp#9.swift */ = {isa = PBXFileReference; lastKnownFileType = sourcecode.swift; path = "SoundsBootcamp#9.swift"; sourceTree = "<group>"; };
		9607E132288B8A9A00E9637B /* HapticsBootcamp#10.swift */ = {isa = PBXFileReference; lastKnownFileType = sourcecode.swift; path = "HapticsBootcamp#10.swift"; sourceTree = "<group>"; };
		9607E134288B8AD800E9637B /* LocalNotificationBootcamp#11.swift */ = {isa = PBXFileReference; lastKnownFileType = sourcecode.swift; path = "LocalNotificationBootcamp#11.swift"; sourceTree = "<group>"; };
		9607E136288B8B0F00E9637B /* HashableBootcamp#12.swift */ = {isa = PBXFileReference; lastKnownFileType = sourcecode.swift; path = "HashableBootcamp#12.swift"; sourceTree = "<group>"; };
		9607E138288B8B6A00E9637B /* ArraysBootcamp#13.swift */ = {isa = PBXFileReference; lastKnownFileType = sourcecode.swift; path = "ArraysBootcamp#13.swift"; sourceTree = "<group>"; };
		9623CAD328810AF1009DA874 /* tada.mp3 */ = {isa = PBXFileReference; lastKnownFileType = audio.mp3; path = tada.mp3; sourceTree = "<group>"; };
		9623CAD528810AFB009DA874 /* badum.mp3 */ = {isa = PBXFileReference; lastKnownFileType = audio.mp3; path = badum.mp3; sourceTree = "<group>"; };
		963FE86C288A49CD0026F761 /* BackgroundThreadBootcamp#17.swift */ = {isa = PBXFileReference; lastKnownFileType = sourcecode.swift; path = "BackgroundThreadBootcamp#17.swift"; sourceTree = "<group>"; };
		9664D967287EAE0100C34D22 /* SwiftfulThinkingContinuedLearning.app */ = {isa = PBXFileReference; explicitFileType = wrapper.application; includeInIndex = 0; path = SwiftfulThinkingContinuedLearning.app; sourceTree = BUILT_PRODUCTS_DIR; };
		9664D96A287EAE0100C34D22 /* SwiftfulThinkingContinuedLearningApp.swift */ = {isa = PBXFileReference; lastKnownFileType = sourcecode.swift; path = SwiftfulThinkingContinuedLearningApp.swift; sourceTree = "<group>"; };
		9664D96C287EAE0100C34D22 /* ContentView.swift */ = {isa = PBXFileReference; lastKnownFileType = sourcecode.swift; path = ContentView.swift; sourceTree = "<group>"; };
		9664D96E287EAE0300C34D22 /* Assets.xcassets */ = {isa = PBXFileReference; lastKnownFileType = folder.assetcatalog; path = Assets.xcassets; sourceTree = "<group>"; };
		9664D971287EAE0300C34D22 /* Preview Assets.xcassets */ = {isa = PBXFileReference; lastKnownFileType = folder.assetcatalog; path = "Preview Assets.xcassets"; sourceTree = "<group>"; };
		9666ED672887BFC900399EEC /* CoreDataBootcamp#15.swift */ = {isa = PBXFileReference; lastKnownFileType = sourcecode.swift; path = "CoreDataBootcamp#15.swift"; sourceTree = "<group>"; };
		9666ED6A2887C16A00399EEC /* FruitsContainer.xcdatamodel */ = {isa = PBXFileReference; lastKnownFileType = wrapper.xcdatamodel; path = FruitsContainer.xcdatamodel; sourceTree = "<group>"; };
		968BF7832888F926005452F5 /* CoreDataRelationshipsBootcamp#16.swift */ = {isa = PBXFileReference; lastKnownFileType = sourcecode.swift; path = "CoreDataRelationshipsBootcamp#16.swift"; sourceTree = "<group>"; };
		968BF7872888FC1D005452F5 /* CoreDataContainer.xcdatamodel */ = {isa = PBXFileReference; lastKnownFileType = wrapper.xcdatamodel; path = CoreDataContainer.xcdatamodel; sourceTree = "<group>"; };
		969D6DE1288D171B00EDEF8C /* CodableBootcamp#21.swift */ = {isa = PBXFileReference; lastKnownFileType = sourcecode.swift; path = "CodableBootcamp#21.swift"; sourceTree = "<group>"; };
		96F6D7A9288E132F007546FA /* DownloadWithEscapingBootcamp#22.swift */ = {isa = PBXFileReference; lastKnownFileType = sourcecode.swift; path = "DownloadWithEscapingBootcamp#22.swift"; sourceTree = "<group>"; };
/* End PBXFileReference section */

/* Begin PBXFrameworksBuildPhase section */
		9664D964287EAE0100C34D22 /* Frameworks */ = {
			isa = PBXFrameworksBuildPhase;
			buildActionMask = 2147483647;
			files = (
			);
			runOnlyForDeploymentPostprocessing = 0;
		};
/* End PBXFrameworksBuildPhase section */

/* Begin PBXGroup section */
		9607E126288B885300E9637B /* DragGestureBootcamp#4 */ = {
			isa = PBXGroup;
			children = (
				9607E122288B87FE00E9637B /* DragGestureBootcamp#4.1.swift */,
				9607E124288B881000E9637B /* DragGestureBootcamp#4.2.swift */,
			);
			path = "DragGestureBootcamp#4";
			sourceTree = "<group>";
		};
		9607E131288B8A5A00E9637B /* SoundsBootcamp#9 */ = {
			isa = PBXGroup;
			children = (
				9607E12F288B8A2200E9637B /* SoundsBootcamp#9.swift */,
				9623CAD228810AD7009DA874 /* Sounds */,
			);
			path = "SoundsBootcamp#9";
			sourceTree = "<group>";
		};
		9623CAD228810AD7009DA874 /* Sounds */ = {
			isa = PBXGroup;
			children = (
				9623CAD528810AFB009DA874 /* badum.mp3 */,
				9623CAD328810AF1009DA874 /* tada.mp3 */,
			);
			path = Sounds;
			sourceTree = "<group>";
		};
		9664D95E287EAE0100C34D22 = {
			isa = PBXGroup;
			children = (
				9664D969287EAE0100C34D22 /* SwiftfulThinkingContinuedLearning */,
				9664D968287EAE0100C34D22 /* Products */,
			);
			sourceTree = "<group>";
		};
		9664D968287EAE0100C34D22 /* Products */ = {
			isa = PBXGroup;
			children = (
				9664D967287EAE0100C34D22 /* SwiftfulThinkingContinuedLearning.app */,
			);
			name = Products;
			sourceTree = "<group>";
		};
		9664D969287EAE0100C34D22 /* SwiftfulThinkingContinuedLearning */ = {
			isa = PBXGroup;
			children = (
				9664D96A287EAE0100C34D22 /* SwiftfulThinkingContinuedLearningApp.swift */,
				9664D96C287EAE0100C34D22 /* ContentView.swift */,
				9607E11C288B86FB00E9637B /* LongPressGestureBootcamp#1.swift */,
				9607E11E288B874E00E9637B /* MagnificationGestureBootcamp#2.swift */,
				9607E120288B87A700E9637B /* RotationGestureBootcamp#3.swift */,
				9607E126288B885300E9637B /* DragGestureBootcamp#4 */,
				9607E127288B88E800E9637B /* ScrollViewReaderBootcamp#5.swift */,
				9607E129288B892700E9637B /* GeometryReaderBootcamp#6.swift */,
				9607E12B288B896200E9637B /* MultipleSheetsBootcamp#7.swift */,
				9607E12D288B89DB00E9637B /* MaskBootcamp#8.swift */,
				9607E131288B8A5A00E9637B /* SoundsBootcamp#9 */,
				9607E132288B8A9A00E9637B /* HapticsBootcamp#10.swift */,
				9607E134288B8AD800E9637B /* LocalNotificationBootcamp#11.swift */,
				9607E136288B8B0F00E9637B /* HashableBootcamp#12.swift */,
				9607E138288B8B6A00E9637B /* ArraysBootcamp#13.swift */,
				9666ED6C2887C19700399EEC /* CoreDataBootcamp#15 */,
				968BF7852888FC03005452F5 /* CoreDataRelationshipsBootcamp#16 */,
				963FE86C288A49CD0026F761 /* BackgroundThreadBootcamp#17.swift */,
				9607E116288B78B500E9637B /* WeakSelfBootcamp#18.swift */,
				9607E114288B760E00E9637B /* TypealiasBootcamp#19.swift */,
				9607E11A288B7A7D00E9637B /* EscapingBootcamp#20.swift */,
				969D6DE1288D171B00EDEF8C /* CodableBootcamp#21.swift */,
				96F6D7A9288E132F007546FA /* DownloadWithEscapingBootcamp#22.swift */,
				9664D96E287EAE0300C34D22 /* Assets.xcassets */,
				9664D970287EAE0300C34D22 /* Preview Content */,
			);
			path = SwiftfulThinkingContinuedLearning;
			sourceTree = "<group>";
		};
		9664D970287EAE0300C34D22 /* Preview Content */ = {
			isa = PBXGroup;
			children = (
				9664D971287EAE0300C34D22 /* Preview Assets.xcassets */,
			);
			path = "Preview Content";
			sourceTree = "<group>";
		};
		9666ED6C2887C19700399EEC /* CoreDataBootcamp#15 */ = {
			isa = PBXGroup;
			children = (
				9666ED672887BFC900399EEC /* CoreDataBootcamp#15.swift */,
				9666ED692887C16A00399EEC /* FruitsContainer.xcdatamodeld */,
			);
			path = "CoreDataBootcamp#15";
			sourceTree = "<group>";
		};
		968BF7852888FC03005452F5 /* CoreDataRelationshipsBootcamp#16 */ = {
			isa = PBXGroup;
			children = (
				968BF7832888F926005452F5 /* CoreDataRelationshipsBootcamp#16.swift */,
				968BF7862888FC1D005452F5 /* CoreDataContainer.xcdatamodeld */,
			);
			path = "CoreDataRelationshipsBootcamp#16";
			sourceTree = "<group>";
		};
/* End PBXGroup section */

/* Begin PBXNativeTarget section */
		9664D966287EAE0100C34D22 /* SwiftfulThinkingContinuedLearning */ = {
			isa = PBXNativeTarget;
			buildConfigurationList = 9664D975287EAE0300C34D22 /* Build configuration list for PBXNativeTarget "SwiftfulThinkingContinuedLearning" */;
			buildPhases = (
				9664D963287EAE0100C34D22 /* Sources */,
				9664D964287EAE0100C34D22 /* Frameworks */,
				9664D965287EAE0100C34D22 /* Resources */,
			);
			buildRules = (
			);
			dependencies = (
			);
			name = SwiftfulThinkingContinuedLearning;
			productName = SwiftfulThinkingContinuedLearning;
			productReference = 9664D967287EAE0100C34D22 /* SwiftfulThinkingContinuedLearning.app */;
			productType = "com.apple.product-type.application";
		};
/* End PBXNativeTarget section */

/* Begin PBXProject section */
		9664D95F287EAE0100C34D22 /* Project object */ = {
			isa = PBXProject;
			attributes = {
				BuildIndependentTargetsInParallel = 1;
				LastSwiftUpdateCheck = 1340;
				LastUpgradeCheck = 1340;
				TargetAttributes = {
					9664D966287EAE0100C34D22 = {
						CreatedOnToolsVersion = 13.4.1;
					};
				};
			};
			buildConfigurationList = 9664D962287EAE0100C34D22 /* Build configuration list for PBXProject "SwiftfulThinkingContinuedLearning" */;
			compatibilityVersion = "Xcode 13.0";
			developmentRegion = en;
			hasScannedForEncodings = 0;
			knownRegions = (
				en,
				Base,
			);
			mainGroup = 9664D95E287EAE0100C34D22;
			productRefGroup = 9664D968287EAE0100C34D22 /* Products */;
			projectDirPath = "";
			projectRoot = "";
			targets = (
				9664D966287EAE0100C34D22 /* SwiftfulThinkingContinuedLearning */,
			);
		};
/* End PBXProject section */

/* Begin PBXResourcesBuildPhase section */
		9664D965287EAE0100C34D22 /* Resources */ = {
			isa = PBXResourcesBuildPhase;
			buildActionMask = 2147483647;
			files = (
				9623CAD628810AFB009DA874 /* badum.mp3 in Resources */,
				9664D972287EAE0300C34D22 /* Preview Assets.xcassets in Resources */,
				9664D96F287EAE0300C34D22 /* Assets.xcassets in Resources */,
				9623CAD428810AF1009DA874 /* tada.mp3 in Resources */,
			);
			runOnlyForDeploymentPostprocessing = 0;
		};
/* End PBXResourcesBuildPhase section */

/* Begin PBXSourcesBuildPhase section */
		9664D963287EAE0100C34D22 /* Sources */ = {
			isa = PBXSourcesBuildPhase;
			buildActionMask = 2147483647;
			files = (
				9666ED6B2887C16A00399EEC /* FruitsContainer.xcdatamodeld in Sources */,
				9607E11F288B874E00E9637B /* MagnificationGestureBootcamp#2.swift in Sources */,
				96F6D7AA288E132F007546FA /* DownloadWithEscapingBootcamp#22.swift in Sources */,
				9664D96D287EAE0100C34D22 /* ContentView.swift in Sources */,
				9607E117288B78B500E9637B /* WeakSelfBootcamp#18.swift in Sources */,
				9607E12A288B892700E9637B /* GeometryReaderBootcamp#6.swift in Sources */,
				969D6DE2288D171B00EDEF8C /* CodableBootcamp#21.swift in Sources */,
				9607E125288B881000E9637B /* DragGestureBootcamp#4.2.swift in Sources */,
				968BF7882888FC1D005452F5 /* CoreDataContainer.xcdatamodeld in Sources */,
				963FE86D288A49CE0026F761 /* BackgroundThreadBootcamp#17.swift in Sources */,
				9607E11D288B86FB00E9637B /* LongPressGestureBootcamp#1.swift in Sources */,
				9607E12C288B896200E9637B /* MultipleSheetsBootcamp#7.swift in Sources */,
				9607E123288B87FE00E9637B /* DragGestureBootcamp#4.1.swift in Sources */,
				9664D96B287EAE0100C34D22 /* SwiftfulThinkingContinuedLearningApp.swift in Sources */,
				968BF7842888F926005452F5 /* CoreDataRelationshipsBootcamp#16.swift in Sources */,
				9607E139288B8B6A00E9637B /* ArraysBootcamp#13.swift in Sources */,
				9607E12E288B89DB00E9637B /* MaskBootcamp#8.swift in Sources */,
				9607E133288B8A9A00E9637B /* HapticsBootcamp#10.swift in Sources */,
				9607E121288B87A700E9637B /* RotationGestureBootcamp#3.swift in Sources */,
				9607E128288B88E800E9637B /* ScrollViewReaderBootcamp#5.swift in Sources */,
				9607E11B288B7A7D00E9637B /* EscapingBootcamp#20.swift in Sources */,
				9607E130288B8A2200E9637B /* SoundsBootcamp#9.swift in Sources */,
				9666ED682887BFC900399EEC /* CoreDataBootcamp#15.swift in Sources */,
				9607E137288B8B0F00E9637B /* HashableBootcamp#12.swift in Sources */,
				9607E135288B8AD800E9637B /* LocalNotificationBootcamp#11.swift in Sources */,
				9607E115288B760E00E9637B /* TypealiasBootcamp#19.swift in Sources */,
			);
			runOnlyForDeploymentPostprocessing = 0;
		};
/* End PBXSourcesBuildPhase section */

/* Begin XCBuildConfiguration section */
		9664D973287EAE0300C34D22 /* Debug */ = {
			isa = XCBuildConfiguration;
			buildSettings = {
				ALWAYS_SEARCH_USER_PATHS = NO;
				CLANG_ANALYZER_NONNULL = YES;
				CLANG_ANALYZER_NUMBER_OBJECT_CONVERSION = YES_AGGRESSIVE;
				CLANG_CXX_LANGUAGE_STANDARD = "gnu++17";
				CLANG_ENABLE_MODULES = YES;
				CLANG_ENABLE_OBJC_ARC = YES;
				CLANG_ENABLE_OBJC_WEAK = YES;
				CLANG_WARN_BLOCK_CAPTURE_AUTORELEASING = YES;
				CLANG_WARN_BOOL_CONVERSION = YES;
				CLANG_WARN_COMMA = YES;
				CLANG_WARN_CONSTANT_CONVERSION = YES;
				CLANG_WARN_DEPRECATED_OBJC_IMPLEMENTATIONS = YES;
				CLANG_WARN_DIRECT_OBJC_ISA_USAGE = YES_ERROR;
				CLANG_WARN_DOCUMENTATION_COMMENTS = YES;
				CLANG_WARN_EMPTY_BODY = YES;
				CLANG_WARN_ENUM_CONVERSION = YES;
				CLANG_WARN_INFINITE_RECURSION = YES;
				CLANG_WARN_INT_CONVERSION = YES;
				CLANG_WARN_NON_LITERAL_NULL_CONVERSION = YES;
				CLANG_WARN_OBJC_IMPLICIT_RETAIN_SELF = YES;
				CLANG_WARN_OBJC_LITERAL_CONVERSION = YES;
				CLANG_WARN_OBJC_ROOT_CLASS = YES_ERROR;
				CLANG_WARN_QUOTED_INCLUDE_IN_FRAMEWORK_HEADER = YES;
				CLANG_WARN_RANGE_LOOP_ANALYSIS = YES;
				CLANG_WARN_STRICT_PROTOTYPES = YES;
				CLANG_WARN_SUSPICIOUS_MOVE = YES;
				CLANG_WARN_UNGUARDED_AVAILABILITY = YES_AGGRESSIVE;
				CLANG_WARN_UNREACHABLE_CODE = YES;
				CLANG_WARN__DUPLICATE_METHOD_MATCH = YES;
				COPY_PHASE_STRIP = NO;
				DEBUG_INFORMATION_FORMAT = dwarf;
				ENABLE_STRICT_OBJC_MSGSEND = YES;
				ENABLE_TESTABILITY = YES;
				GCC_C_LANGUAGE_STANDARD = gnu11;
				GCC_DYNAMIC_NO_PIC = NO;
				GCC_NO_COMMON_BLOCKS = YES;
				GCC_OPTIMIZATION_LEVEL = 0;
				GCC_PREPROCESSOR_DEFINITIONS = (
					"DEBUG=1",
					"$(inherited)",
				);
				GCC_WARN_64_TO_32_BIT_CONVERSION = YES;
				GCC_WARN_ABOUT_RETURN_TYPE = YES_ERROR;
				GCC_WARN_UNDECLARED_SELECTOR = YES;
				GCC_WARN_UNINITIALIZED_AUTOS = YES_AGGRESSIVE;
				GCC_WARN_UNUSED_FUNCTION = YES;
				GCC_WARN_UNUSED_VARIABLE = YES;
				IPHONEOS_DEPLOYMENT_TARGET = 15.5;
				MTL_ENABLE_DEBUG_INFO = INCLUDE_SOURCE;
				MTL_FAST_MATH = YES;
				ONLY_ACTIVE_ARCH = YES;
				SDKROOT = iphoneos;
				SWIFT_ACTIVE_COMPILATION_CONDITIONS = DEBUG;
				SWIFT_OPTIMIZATION_LEVEL = "-Onone";
			};
			name = Debug;
		};
		9664D974287EAE0300C34D22 /* Release */ = {
			isa = XCBuildConfiguration;
			buildSettings = {
				ALWAYS_SEARCH_USER_PATHS = NO;
				CLANG_ANALYZER_NONNULL = YES;
				CLANG_ANALYZER_NUMBER_OBJECT_CONVERSION = YES_AGGRESSIVE;
				CLANG_CXX_LANGUAGE_STANDARD = "gnu++17";
				CLANG_ENABLE_MODULES = YES;
				CLANG_ENABLE_OBJC_ARC = YES;
				CLANG_ENABLE_OBJC_WEAK = YES;
				CLANG_WARN_BLOCK_CAPTURE_AUTORELEASING = YES;
				CLANG_WARN_BOOL_CONVERSION = YES;
				CLANG_WARN_COMMA = YES;
				CLANG_WARN_CONSTANT_CONVERSION = YES;
				CLANG_WARN_DEPRECATED_OBJC_IMPLEMENTATIONS = YES;
				CLANG_WARN_DIRECT_OBJC_ISA_USAGE = YES_ERROR;
				CLANG_WARN_DOCUMENTATION_COMMENTS = YES;
				CLANG_WARN_EMPTY_BODY = YES;
				CLANG_WARN_ENUM_CONVERSION = YES;
				CLANG_WARN_INFINITE_RECURSION = YES;
				CLANG_WARN_INT_CONVERSION = YES;
				CLANG_WARN_NON_LITERAL_NULL_CONVERSION = YES;
				CLANG_WARN_OBJC_IMPLICIT_RETAIN_SELF = YES;
				CLANG_WARN_OBJC_LITERAL_CONVERSION = YES;
				CLANG_WARN_OBJC_ROOT_CLASS = YES_ERROR;
				CLANG_WARN_QUOTED_INCLUDE_IN_FRAMEWORK_HEADER = YES;
				CLANG_WARN_RANGE_LOOP_ANALYSIS = YES;
				CLANG_WARN_STRICT_PROTOTYPES = YES;
				CLANG_WARN_SUSPICIOUS_MOVE = YES;
				CLANG_WARN_UNGUARDED_AVAILABILITY = YES_AGGRESSIVE;
				CLANG_WARN_UNREACHABLE_CODE = YES;
				CLANG_WARN__DUPLICATE_METHOD_MATCH = YES;
				COPY_PHASE_STRIP = NO;
				DEBUG_INFORMATION_FORMAT = "dwarf-with-dsym";
				ENABLE_NS_ASSERTIONS = NO;
				ENABLE_STRICT_OBJC_MSGSEND = YES;
				GCC_C_LANGUAGE_STANDARD = gnu11;
				GCC_NO_COMMON_BLOCKS = YES;
				GCC_WARN_64_TO_32_BIT_CONVERSION = YES;
				GCC_WARN_ABOUT_RETURN_TYPE = YES_ERROR;
				GCC_WARN_UNDECLARED_SELECTOR = YES;
				GCC_WARN_UNINITIALIZED_AUTOS = YES_AGGRESSIVE;
				GCC_WARN_UNUSED_FUNCTION = YES;
				GCC_WARN_UNUSED_VARIABLE = YES;
				IPHONEOS_DEPLOYMENT_TARGET = 15.5;
				MTL_ENABLE_DEBUG_INFO = NO;
				MTL_FAST_MATH = YES;
				SDKROOT = iphoneos;
				SWIFT_COMPILATION_MODE = wholemodule;
				SWIFT_OPTIMIZATION_LEVEL = "-O";
				VALIDATE_PRODUCT = YES;
			};
			name = Release;
		};
		9664D976287EAE0300C34D22 /* Debug */ = {
			isa = XCBuildConfiguration;
			buildSettings = {
				ASSETCATALOG_COMPILER_APPICON_NAME = AppIcon;
				ASSETCATALOG_COMPILER_GLOBAL_ACCENT_COLOR_NAME = AccentColor;
				CODE_SIGN_STYLE = Automatic;
				CURRENT_PROJECT_VERSION = 1;
				DEVELOPMENT_ASSET_PATHS = "\"SwiftfulThinkingContinuedLearning/Preview Content\"";
				DEVELOPMENT_TEAM = 4AKDGKWD78;
				ENABLE_PREVIEWS = YES;
				GENERATE_INFOPLIST_FILE = YES;
				INFOPLIST_KEY_UIApplicationSceneManifest_Generation = YES;
				INFOPLIST_KEY_UIApplicationSupportsIndirectInputEvents = YES;
				INFOPLIST_KEY_UILaunchScreen_Generation = YES;
				INFOPLIST_KEY_UISupportedInterfaceOrientations_iPad = "UIInterfaceOrientationPortrait UIInterfaceOrientationPortraitUpsideDown UIInterfaceOrientationLandscapeLeft UIInterfaceOrientationLandscapeRight";
				INFOPLIST_KEY_UISupportedInterfaceOrientations_iPhone = "UIInterfaceOrientationPortrait UIInterfaceOrientationLandscapeLeft UIInterfaceOrientationLandscapeRight";
				IPHONEOS_DEPLOYMENT_TARGET = 15.0;
				LD_RUNPATH_SEARCH_PATHS = (
					"$(inherited)",
					"@executable_path/Frameworks",
				);
				MARKETING_VERSION = 1.0;
				PRODUCT_BUNDLE_IDENTIFIER = TerraSky.SwiftfulThinkingContinuedLearning;
				PRODUCT_NAME = "$(TARGET_NAME)";
				SWIFT_EMIT_LOC_STRINGS = YES;
				SWIFT_VERSION = 5.0;
				TARGETED_DEVICE_FAMILY = "1,2";
			};
			name = Debug;
		};
		9664D977287EAE0300C34D22 /* Release */ = {
			isa = XCBuildConfiguration;
			buildSettings = {
				ASSETCATALOG_COMPILER_APPICON_NAME = AppIcon;
				ASSETCATALOG_COMPILER_GLOBAL_ACCENT_COLOR_NAME = AccentColor;
				CODE_SIGN_STYLE = Automatic;
				CURRENT_PROJECT_VERSION = 1;
				DEVELOPMENT_ASSET_PATHS = "\"SwiftfulThinkingContinuedLearning/Preview Content\"";
				DEVELOPMENT_TEAM = 4AKDGKWD78;
				ENABLE_PREVIEWS = YES;
				GENERATE_INFOPLIST_FILE = YES;
				INFOPLIST_KEY_UIApplicationSceneManifest_Generation = YES;
				INFOPLIST_KEY_UIApplicationSupportsIndirectInputEvents = YES;
				INFOPLIST_KEY_UILaunchScreen_Generation = YES;
				INFOPLIST_KEY_UISupportedInterfaceOrientations_iPad = "UIInterfaceOrientationPortrait UIInterfaceOrientationPortraitUpsideDown UIInterfaceOrientationLandscapeLeft UIInterfaceOrientationLandscapeRight";
				INFOPLIST_KEY_UISupportedInterfaceOrientations_iPhone = "UIInterfaceOrientationPortrait UIInterfaceOrientationLandscapeLeft UIInterfaceOrientationLandscapeRight";
				IPHONEOS_DEPLOYMENT_TARGET = 15.0;
				LD_RUNPATH_SEARCH_PATHS = (
					"$(inherited)",
					"@executable_path/Frameworks",
				);
				MARKETING_VERSION = 1.0;
				PRODUCT_BUNDLE_IDENTIFIER = TerraSky.SwiftfulThinkingContinuedLearning;
				PRODUCT_NAME = "$(TARGET_NAME)";
				SWIFT_EMIT_LOC_STRINGS = YES;
				SWIFT_VERSION = 5.0;
				TARGETED_DEVICE_FAMILY = "1,2";
			};
			name = Release;
		};
/* End XCBuildConfiguration section */

/* Begin XCConfigurationList section */
		9664D962287EAE0100C34D22 /* Build configuration list for PBXProject "SwiftfulThinkingContinuedLearning" */ = {
			isa = XCConfigurationList;
			buildConfigurations = (
				9664D973287EAE0300C34D22 /* Debug */,
				9664D974287EAE0300C34D22 /* Release */,
			);
			defaultConfigurationIsVisible = 0;
			defaultConfigurationName = Release;
		};
		9664D975287EAE0300C34D22 /* Build configuration list for PBXNativeTarget "SwiftfulThinkingContinuedLearning" */ = {
			isa = XCConfigurationList;
			buildConfigurations = (
				9664D976287EAE0300C34D22 /* Debug */,
				9664D977287EAE0300C34D22 /* Release */,
			);
			defaultConfigurationIsVisible = 0;
			defaultConfigurationName = Release;
		};
/* End XCConfigurationList section */

/* Begin XCVersionGroup section */
		9666ED692887C16A00399EEC /* FruitsContainer.xcdatamodeld */ = {
			isa = XCVersionGroup;
			children = (
				9666ED6A2887C16A00399EEC /* FruitsContainer.xcdatamodel */,
			);
			currentVersion = 9666ED6A2887C16A00399EEC /* FruitsContainer.xcdatamodel */;
			path = FruitsContainer.xcdatamodeld;
			sourceTree = "<group>";
			versionGroupType = wrapper.xcdatamodel;
		};
		968BF7862888FC1D005452F5 /* CoreDataContainer.xcdatamodeld */ = {
			isa = XCVersionGroup;
			children = (
				968BF7872888FC1D005452F5 /* CoreDataContainer.xcdatamodel */,
			);
			currentVersion = 968BF7872888FC1D005452F5 /* CoreDataContainer.xcdatamodel */;
			path = CoreDataContainer.xcdatamodeld;
			sourceTree = "<group>";
			versionGroupType = wrapper.xcdatamodel;
		};
/* End XCVersionGroup section */
	};
	rootObject = 9664D95F287EAE0100C34D22 /* Project object */;
}
